// !$*UTF8*$!
{
	archiveVersion = 1;
	classes = {
	};
	objectVersion = 55;
	objects = {

/* Begin PBXBuildFile section */
		7A87FB30294BE5DD002AE800 /* budgetAppApp.swift in Sources */ = {isa = PBXBuildFile; fileRef = 7A87FB2F294BE5DD002AE800 /* budgetAppApp.swift */; };
		7A87FB32294BE5DD002AE800 /* ContentView.swift in Sources */ = {isa = PBXBuildFile; fileRef = 7A87FB31294BE5DD002AE800 /* ContentView.swift */; };
		7A87FB34294BE5E8002AE800 /* Assets.xcassets in Resources */ = {isa = PBXBuildFile; fileRef = 7A87FB33294BE5E8002AE800 /* Assets.xcassets */; };
		7A87FB37294BE5E8002AE800 /* Preview Assets.xcassets in Resources */ = {isa = PBXBuildFile; fileRef = 7A87FB36294BE5E8002AE800 /* Preview Assets.xcassets */; };
		7A87FB3E294BE82F002AE800 /* Home.swift in Sources */ = {isa = PBXBuildFile; fileRef = 7A87FB3D294BE82F002AE800 /* Home.swift */; };
		7A87FB40294BE843002AE800 /* Expense.swift in Sources */ = {isa = PBXBuildFile; fileRef = 7A87FB3F294BE843002AE800 /* Expense.swift */; };
		7A87FB42294BE9B8002AE800 /* ExpenseViewModel.swift in Sources */ = {isa = PBXBuildFile; fileRef = 7A87FB41294BE9B8002AE800 /* ExpenseViewModel.swift */; };
		7A87FB44294BFAA7002AE800 /* TransactionCardView.swift in Sources */ = {isa = PBXBuildFile; fileRef = 7A87FB43294BFAA7002AE800 /* TransactionCardView.swift */; };
		7A87FB46294C1031002AE800 /* FilteredDetailView.swift in Sources */ = {isa = PBXBuildFile; fileRef = 7A87FB45294C1031002AE800 /* FilteredDetailView.swift */; };
		7A87FB48294C1566002AE800 /* ExpenseCard.swift in Sources */ = {isa = PBXBuildFile; fileRef = 7A87FB47294C1566002AE800 /* ExpenseCard.swift */; };
		7A87FB4A294C21CC002AE800 /* NewExpense.swift in Sources */ = {isa = PBXBuildFile; fileRef = 7A87FB49294C21CC002AE800 /* NewExpense.swift */; };
		7A87FB4E294C8A10002AE800 /* SplashScreenView.swift in Sources */ = {isa = PBXBuildFile; fileRef = 7A87FB4D294C8A10002AE800 /* SplashScreenView.swift */; };
/* End PBXBuildFile section */

/* Begin PBXFileReference section */
		7A87FB2C294BE5DD002AE800 /* budgetApp.app */ = {isa = PBXFileReference; explicitFileType = wrapper.application; includeInIndex = 0; path = budgetApp.app; sourceTree = BUILT_PRODUCTS_DIR; };
		7A87FB2F294BE5DD002AE800 /* budgetAppApp.swift */ = {isa = PBXFileReference; lastKnownFileType = sourcecode.swift; path = budgetAppApp.swift; sourceTree = "<group>"; };
		7A87FB31294BE5DD002AE800 /* ContentView.swift */ = {isa = PBXFileReference; lastKnownFileType = sourcecode.swift; path = ContentView.swift; sourceTree = "<group>"; };
		7A87FB33294BE5E8002AE800 /* Assets.xcassets */ = {isa = PBXFileReference; lastKnownFileType = folder.assetcatalog; path = Assets.xcassets; sourceTree = "<group>"; };
		7A87FB36294BE5E8002AE800 /* Preview Assets.xcassets */ = {isa = PBXFileReference; lastKnownFileType = folder.assetcatalog; path = "Preview Assets.xcassets"; sourceTree = "<group>"; };
		7A87FB3D294BE82F002AE800 /* Home.swift */ = {isa = PBXFileReference; lastKnownFileType = sourcecode.swift; path = Home.swift; sourceTree = "<group>"; };
		7A87FB3F294BE843002AE800 /* Expense.swift */ = {isa = PBXFileReference; lastKnownFileType = sourcecode.swift; path = Expense.swift; sourceTree = "<group>"; };
		7A87FB41294BE9B8002AE800 /* ExpenseViewModel.swift */ = {isa = PBXFileReference; lastKnownFileType = sourcecode.swift; path = ExpenseViewModel.swift; sourceTree = "<group>"; };
		7A87FB43294BFAA7002AE800 /* TransactionCardView.swift */ = {isa = PBXFileReference; lastKnownFileType = sourcecode.swift; path = TransactionCardView.swift; sourceTree = "<group>"; };
		7A87FB45294C1031002AE800 /* FilteredDetailView.swift */ = {isa = PBXFileReference; lastKnownFileType = sourcecode.swift; path = FilteredDetailView.swift; sourceTree = "<group>"; };
		7A87FB47294C1566002AE800 /* ExpenseCard.swift */ = {isa = PBXFileReference; lastKnownFileType = sourcecode.swift; path = ExpenseCard.swift; sourceTree = "<group>"; };
		7A87FB49294C21CC002AE800 /* NewExpense.swift */ = {isa = PBXFileReference; lastKnownFileType = sourcecode.swift; path = NewExpense.swift; sourceTree = "<group>"; };
		7A87FB4D294C8A10002AE800 /* SplashScreenView.swift */ = {isa = PBXFileReference; lastKnownFileType = sourcecode.swift; path = SplashScreenView.swift; sourceTree = "<group>"; };
/* End PBXFileReference section */

/* Begin PBXFrameworksBuildPhase section */
		7A87FB29294BE5DD002AE800 /* Frameworks */ = {
			isa = PBXFrameworksBuildPhase;
			buildActionMask = 2147483647;
			files = (
			);
			runOnlyForDeploymentPostprocessing = 0;
		};
/* End PBXFrameworksBuildPhase section */

/* Begin PBXGroup section */
		7A87FB23294BE5DD002AE800 = {
			isa = PBXGroup;
			children = (
				7A87FB2E294BE5DD002AE800 /* budgetApp */,
				7A87FB2D294BE5DD002AE800 /* Products */,
			);
			sourceTree = "<group>";
		};
		7A87FB2D294BE5DD002AE800 /* Products */ = {
			isa = PBXGroup;
			children = (
				7A87FB2C294BE5DD002AE800 /* budgetApp.app */,
			);
			name = Products;
			sourceTree = "<group>";
		};
		7A87FB2E294BE5DD002AE800 /* budgetApp */ = {
			isa = PBXGroup;
			children = (
				7A87FB2F294BE5DD002AE800 /* budgetAppApp.swift */,
				7A87FB4D294C8A10002AE800 /* SplashScreenView.swift */,
				7A87FB31294BE5DD002AE800 /* ContentView.swift */,
				7A87FB47294C1566002AE800 /* ExpenseCard.swift */,
				7A87FB45294C1031002AE800 /* FilteredDetailView.swift */,
				7A87FB3D294BE82F002AE800 /* Home.swift */,
				7A87FB3F294BE843002AE800 /* Expense.swift */,
				7A87FB41294BE9B8002AE800 /* ExpenseViewModel.swift */,
				7A87FB49294C21CC002AE800 /* NewExpense.swift */,
				7A87FB43294BFAA7002AE800 /* TransactionCardView.swift */,
				7A87FB33294BE5E8002AE800 /* Assets.xcassets */,
				7A87FB35294BE5E8002AE800 /* Preview Content */,
			);
			path = budgetApp;
			sourceTree = "<group>";
		};
		7A87FB35294BE5E8002AE800 /* Preview Content */ = {
			isa = PBXGroup;
			children = (
				7A87FB36294BE5E8002AE800 /* Preview Assets.xcassets */,
			);
			path = "Preview Content";
			sourceTree = "<group>";
		};
/* End PBXGroup section */

/* Begin PBXNativeTarget section */
		7A87FB2B294BE5DD002AE800 /* budgetApp */ = {
			isa = PBXNativeTarget;
			buildConfigurationList = 7A87FB3A294BE5E8002AE800 /* Build configuration list for PBXNativeTarget "budgetApp" */;
			buildPhases = (
				7A87FB28294BE5DD002AE800 /* Sources */,
				7A87FB29294BE5DD002AE800 /* Frameworks */,
				7A87FB2A294BE5DD002AE800 /* Resources */,
			);
			buildRules = (
			);
			dependencies = (
			);
			name = budgetApp;
			productName = budgetApp;
			productReference = 7A87FB2C294BE5DD002AE800 /* budgetApp.app */;
			productType = "com.apple.product-type.application";
		};
/* End PBXNativeTarget section */

/* Begin PBXProject section */
		7A87FB24294BE5DD002AE800 /* Project object */ = {
			isa = PBXProject;
			attributes = {
				BuildIndependentTargetsInParallel = 1;
				LastSwiftUpdateCheck = 1340;
				LastUpgradeCheck = 1340;
				TargetAttributes = {
					7A87FB2B294BE5DD002AE800 = {
						CreatedOnToolsVersion = 13.4.1;
					};
				};
			};
			buildConfigurationList = 7A87FB27294BE5DD002AE800 /* Build configuration list for PBXProject "budgetApp" */;
			compatibilityVersion = "Xcode 13.0";
			developmentRegion = en;
			hasScannedForEncodings = 0;
			knownRegions = (
				en,
				Base,
			);
			mainGroup = 7A87FB23294BE5DD002AE800;
			productRefGroup = 7A87FB2D294BE5DD002AE800 /* Products */;
			projectDirPath = "";
			projectRoot = "";
			targets = (
				7A87FB2B294BE5DD002AE800 /* budgetApp */,
			);
		};
/* End PBXProject section */

/* Begin PBXResourcesBuildPhase section */
		7A87FB2A294BE5DD002AE800 /* Resources */ = {
			isa = PBXResourcesBuildPhase;
			buildActionMask = 2147483647;
			files = (
				7A87FB37294BE5E8002AE800 /* Preview Assets.xcassets in Resources */,
				7A87FB34294BE5E8002AE800 /* Assets.xcassets in Resources */,
			);
			runOnlyForDeploymentPostprocessing = 0;
		};
/* End PBXResourcesBuildPhase section */

/* Begin PBXSourcesBuildPhase section */
		7A87FB28294BE5DD002AE800 /* Sources */ = {
			isa = PBXSourcesBuildPhase;
			buildActionMask = 2147483647;
			files = (
				7A87FB40294BE843002AE800 /* Expense.swift in Sources */,
				7A87FB46294C1031002AE800 /* FilteredDetailView.swift in Sources */,
				7A87FB32294BE5DD002AE800 /* ContentView.swift in Sources */,
				7A87FB4A294C21CC002AE800 /* NewExpense.swift in Sources */,
				7A87FB3E294BE82F002AE800 /* Home.swift in Sources */,
				7A87FB42294BE9B8002AE800 /* ExpenseViewModel.swift in Sources */,
				7A87FB30294BE5DD002AE800 /* budgetAppApp.swift in Sources */,
				7A87FB4E294C8A10002AE800 /* SplashScreenView.swift in Sources */,
				7A87FB48294C1566002AE800 /* ExpenseCard.swift in Sources */,
				7A87FB44294BFAA7002AE800 /* TransactionCardView.swift in Sources */,
			);
			runOnlyForDeploymentPostprocessing = 0;
		};
/* End PBXSourcesBuildPhase section */

/* Begin XCBuildConfiguration section */
		7A87FB38294BE5E8002AE800 /* Debug */ = {
			isa = XCBuildConfiguration;
			buildSettings = {
				ALWAYS_SEARCH_USER_PATHS = NO;
				CLANG_ANALYZER_NONNULL = YES;
				CLANG_ANALYZER_NUMBER_OBJECT_CONVERSION = YES_AGGRESSIVE;
				CLANG_CXX_LANGUAGE_STANDARD = "gnu++17";
				CLANG_ENABLE_MODULES = YES;
				CLANG_ENABLE_OBJC_ARC = YES;
				CLANG_ENABLE_OBJC_WEAK = YES;
				CLANG_WARN_BLOCK_CAPTURE_AUTORELEASING = YES;
				CLANG_WARN_BOOL_CONVERSION = YES;
				CLANG_WARN_COMMA = YES;
				CLANG_WARN_CONSTANT_CONVERSION = YES;
				CLANG_WARN_DEPRECATED_OBJC_IMPLEMENTATIONS = YES;
				CLANG_WARN_DIRECT_OBJC_ISA_USAGE = YES_ERROR;
				CLANG_WARN_DOCUMENTATION_COMMENTS = YES;
				CLANG_WARN_EMPTY_BODY = YES;
				CLANG_WARN_ENUM_CONVERSION = YES;
				CLANG_WARN_INFINITE_RECURSION = YES;
				CLANG_WARN_INT_CONVERSION = YES;
				CLANG_WARN_NON_LITERAL_NULL_CONVERSION = YES;
				CLANG_WARN_OBJC_IMPLICIT_RETAIN_SELF = YES;
				CLANG_WARN_OBJC_LITERAL_CONVERSION = YES;
				CLANG_WARN_OBJC_ROOT_CLASS = YES_ERROR;
				CLANG_WARN_QUOTED_INCLUDE_IN_FRAMEWORK_HEADER = YES;
				CLANG_WARN_RANGE_LOOP_ANALYSIS = YES;
				CLANG_WARN_STRICT_PROTOTYPES = YES;
				CLANG_WARN_SUSPICIOUS_MOVE = YES;
				CLANG_WARN_UNGUARDED_AVAILABILITY = YES_AGGRESSIVE;
				CLANG_WARN_UNREACHABLE_CODE = YES;
				CLANG_WARN__DUPLICATE_METHOD_MATCH = YES;
				COPY_PHASE_STRIP = NO;
				DEBUG_INFORMATION_FORMAT = dwarf;
				ENABLE_STRICT_OBJC_MSGSEND = YES;
				ENABLE_TESTABILITY = YES;
				GCC_C_LANGUAGE_STANDARD = gnu11;
				GCC_DYNAMIC_NO_PIC = NO;
				GCC_NO_COMMON_BLOCKS = YES;
				GCC_OPTIMIZATION_LEVEL = 0;
				GCC_PREPROCESSOR_DEFINITIONS = (
					"DEBUG=1",
					"$(inherited)",
				);
				GCC_WARN_64_TO_32_BIT_CONVERSION = YES;
				GCC_WARN_ABOUT_RETURN_TYPE = YES_ERROR;
				GCC_WARN_UNDECLARED_SELECTOR = YES;
				GCC_WARN_UNINITIALIZED_AUTOS = YES_AGGRESSIVE;
				GCC_WARN_UNUSED_FUNCTION = YES;
				GCC_WARN_UNUSED_VARIABLE = YES;
				IPHONEOS_DEPLOYMENT_TARGET = 15.5;
				MTL_ENABLE_DEBUG_INFO = INCLUDE_SOURCE;
				MTL_FAST_MATH = YES;
				ONLY_ACTIVE_ARCH = YES;
				SDKROOT = iphoneos;
				SWIFT_ACTIVE_COMPILATION_CONDITIONS = DEBUG;
				SWIFT_OPTIMIZATION_LEVEL = "-Onone";
			};
			name = Debug;
		};
		7A87FB39294BE5E8002AE800 /* Release */ = {
			isa = XCBuildConfiguration;
			buildSettings = {
				ALWAYS_SEARCH_USER_PATHS = NO;
				CLANG_ANALYZER_NONNULL = YES;
				CLANG_ANALYZER_NUMBER_OBJECT_CONVERSION = YES_AGGRESSIVE;
				CLANG_CXX_LANGUAGE_STANDARD = "gnu++17";
				CLANG_ENABLE_MODULES = YES;
				CLANG_ENABLE_OBJC_ARC = YES;
				CLANG_ENABLE_OBJC_WEAK = YES;
				CLANG_WARN_BLOCK_CAPTURE_AUTORELEASING = YES;
				CLANG_WARN_BOOL_CONVERSION = YES;
				CLANG_WARN_COMMA = YES;
				CLANG_WARN_CONSTANT_CONVERSION = YES;
				CLANG_WARN_DEPRECATED_OBJC_IMPLEMENTATIONS = YES;
				CLANG_WARN_DIRECT_OBJC_ISA_USAGE = YES_ERROR;
				CLANG_WARN_DOCUMENTATION_COMMENTS = YES;
				CLANG_WARN_EMPTY_BODY = YES;
				CLANG_WARN_ENUM_CONVERSION = YES;
				CLANG_WARN_INFINITE_RECURSION = YES;
				CLANG_WARN_INT_CONVERSION = YES;
				CLANG_WARN_NON_LITERAL_NULL_CONVERSION = YES;
				CLANG_WARN_OBJC_IMPLICIT_RETAIN_SELF = YES;
				CLANG_WARN_OBJC_LITERAL_CONVERSION = YES;
				CLANG_WARN_OBJC_ROOT_CLASS = YES_ERROR;
				CLANG_WARN_QUOTED_INCLUDE_IN_FRAMEWORK_HEADER = YES;
				CLANG_WARN_RANGE_LOOP_ANALYSIS = YES;
				CLANG_WARN_STRICT_PROTOTYPES = YES;
				CLANG_WARN_SUSPICIOUS_MOVE = YES;
				CLANG_WARN_UNGUARDED_AVAILABILITY = YES_AGGRESSIVE;
				CLANG_WARN_UNREACHABLE_CODE = YES;
				CLANG_WARN__DUPLICATE_METHOD_MATCH = YES;
				COPY_PHASE_STRIP = NO;
				DEBUG_INFORMATION_FORMAT = "dwarf-with-dsym";
				ENABLE_NS_ASSERTIONS = NO;
				ENABLE_STRICT_OBJC_MSGSEND = YES;
				GCC_C_LANGUAGE_STANDARD = gnu11;
				GCC_NO_COMMON_BLOCKS = YES;
				GCC_WARN_64_TO_32_BIT_CONVERSION = YES;
				GCC_WARN_ABOUT_RETURN_TYPE = YES_ERROR;
				GCC_WARN_UNDECLARED_SELECTOR = YES;
				GCC_WARN_UNINITIALIZED_AUTOS = YES_AGGRESSIVE;
				GCC_WARN_UNUSED_FUNCTION = YES;
				GCC_WARN_UNUSED_VARIABLE = YES;
				IPHONEOS_DEPLOYMENT_TARGET = 15.5;
				MTL_ENABLE_DEBUG_INFO = NO;
				MTL_FAST_MATH = YES;
				SDKROOT = iphoneos;
				SWIFT_COMPILATION_MODE = wholemodule;
				SWIFT_OPTIMIZATION_LEVEL = "-O";
				VALIDATE_PRODUCT = YES;
			};
			name = Release;
		};
		7A87FB3B294BE5E8002AE800 /* Debug */ = {
			isa = XCBuildConfiguration;
			buildSettings = {
				ASSETCATALOG_COMPILER_APPICON_NAME = AppIcon;
				ASSETCATALOG_COMPILER_GLOBAL_ACCENT_COLOR_NAME = AccentColor;
				CODE_SIGN_STYLE = Automatic;
				CURRENT_PROJECT_VERSION = 1;
				DEVELOPMENT_ASSET_PATHS = "\"budgetApp/Preview Content\"";
				ENABLE_PREVIEWS = YES;
				GENERATE_INFOPLIST_FILE = YES;
				INFOPLIST_KEY_UIApplicationSceneManifest_Generation = YES;
				INFOPLIST_KEY_UIApplicationSupportsIndirectInputEvents = YES;
				INFOPLIST_KEY_UILaunchScreen_Generation = YES;
				INFOPLIST_KEY_UISupportedInterfaceOrientations_iPad = "UIInterfaceOrientationPortrait UIInterfaceOrientationPortraitUpsideDown UIInterfaceOrientationLandscapeLeft UIInterfaceOrientationLandscapeRight";
				INFOPLIST_KEY_UISupportedInterfaceOrientations_iPhone = "UIInterfaceOrientationPortrait UIInterfaceOrientationLandscapeLeft UIInterfaceOrientationLandscapeRight";
				LD_RUNPATH_SEARCH_PATHS = (
					"$(inherited)",
					"@executable_path/Frameworks",
				);
				MARKETING_VERSION = 1.0;
				PRODUCT_BUNDLE_IDENTIFIER = delaureon.budgetApp;
				PRODUCT_NAME = "$(TARGET_NAME)";
				SWIFT_EMIT_LOC_STRINGS = YES;
				SWIFT_VERSION = 5.0;
				TARGETED_DEVICE_FAMILY = "1,2";
			};
			name = Debug;
		};
		7A87FB3C294BE5E8002AE800 /* Release */ = {
			isa = XCBuildConfiguration;
			buildSettings = {
				ASSETCATALOG_COMPILER_APPICON_NAME = AppIcon;
				ASSETCATALOG_COMPILER_GLOBAL_ACCENT_COLOR_NAME = AccentColor;
				CODE_SIGN_STYLE = Automatic;
				CURRENT_PROJECT_VERSION = 1;
				DEVELOPMENT_ASSET_PATHS = "\"budgetApp/Preview Content\"";
				ENABLE_PREVIEWS = YES;
				GENERATE_INFOPLIST_FILE = YES;
				INFOPLIST_KEY_UIApplicationSceneManifest_Generation = YES;
				INFOPLIST_KEY_UIApplicationSupportsIndirectInputEvents = YES;
				INFOPLIST_KEY_UILaunchScreen_Generation = YES;
				INFOPLIST_KEY_UISupportedInterfaceOrientations_iPad = "UIInterfaceOrientationPortrait UIInterfaceOrientationPortraitUpsideDown UIInterfaceOrientationLandscapeLeft UIInterfaceOrientationLandscapeRight";
				INFOPLIST_KEY_UISupportedInterfaceOrientations_iPhone = "UIInterfaceOrientationPortrait UIInterfaceOrientationLandscapeLeft UIInterfaceOrientationLandscapeRight";
				LD_RUNPATH_SEARCH_PATHS = (
					"$(inherited)",
					"@executable_path/Frameworks",
				);
				MARKETING_VERSION = 1.0;
				PRODUCT_BUNDLE_IDENTIFIER = delaureon.budgetApp;
				PRODUCT_NAME = "$(TARGET_NAME)";
				SWIFT_EMIT_LOC_STRINGS = YES;
				SWIFT_VERSION = 5.0;
				TARGETED_DEVICE_FAMILY = "1,2";
			};
			name = Release;
		};
/* End XCBuildConfiguration section */

/* Begin XCConfigurationList section */
		7A87FB27294BE5DD002AE800 /* Build configuration list for PBXProject "budgetApp" */ = {
			isa = XCConfigurationList;
			buildConfigurations = (
				7A87FB38294BE5E8002AE800 /* Debug */,
				7A87FB39294BE5E8002AE800 /* Release */,
			);
			defaultConfigurationIsVisible = 0;
			defaultConfigurationName = Release;
		};
		7A87FB3A294BE5E8002AE800 /* Build configuration list for PBXNativeTarget "budgetApp" */ = {
			isa = XCConfigurationList;
			buildConfigurations = (
				7A87FB3B294BE5E8002AE800 /* Debug */,
				7A87FB3C294BE5E8002AE800 /* Release */,
			);
			defaultConfigurationIsVisible = 0;
			defaultConfigurationName = Release;
		};
/* End XCConfigurationList section */
	};
	rootObject = 7A87FB24294BE5DD002AE800 /* Project object */;
}
